{
  "originHash" : "95af271e23cdd1f571d31d524a6e79bdc4f4a35263f711015929b0cf0fdf1980",
  "pins" : [
    {
      "identity" : "measurement-reader",
      "kind" : "remoteSourceControl",
      "location" : "https://github.com/vinceplusplus/measurement-reader.git",
      "state" : {
        "revision" : "5997fcb76e31b6fb91c362670d6f63cfc4f20d00",
        "version" : "2.1.1"
      }
    },
    {
      "identity" : "viewextractor",
      "kind" : "remoteSourceControl",
      "location" : "https://github.com/GeorgeElsham/ViewExtractor",
      "state" : {
        "revision" : "e20b1944524d4454c2a65c0054ce345c2c5d0185",
        "version" : "2.0.0"
      }
    }
  ],
  "version" : 3
}
